title: Process groups content block
url: 'https://github.com/mainio/decidim-module-process_groups_content_block'
image: /uploads/module-process_groups_content_block.png
description: >-
  Adds a process groups content block to your Decidim instance to be used on the
  home page of the app.
type: community
